
Microsoft Visual Studio Solution File, Format Version 12.00
# Visual Studio Version 17
VisualStudioVersion = 17.5.33516.290
MinimumVisualStudioVersion = 10.0.40219.1
Project("{FAE04EC0-301F-11D3-BF4B-00C04F79EFBC}") = "SuperIAJarvis", "SuperIAJarvis.csproj", "{8BEECB1E-A5BB-4FAA-AE00-87CB55F53C05}"
EndProject
Project("{FAE04EC0-301F-11D3-BF4B-00C04F79EFBC}") = "AprendizadoAutonomo", "..\AprendizadoAutonomo\AprendizadoAutonomo.csproj", "{F16893D3-D978-4211-8B19-48735C141729}"
EndProject
Global
	GlobalSection(SolutionConfigurationPlatforms) = preSolution
		Debug|Any CPU = Debug|Any CPU
		Release|Any CPU = Release|Any CPU
	EndGlobalSection
	GlobalSection(ProjectConfigurationPlatforms) = postSolution
		{8BEECB1E-A5BB-4FAA-AE00-87CB55F53C05}.Debug|Any CPU.ActiveCfg = Debug|Any CPU
		{8BEECB1E-A5BB-4FAA-AE00-87CB55F53C05}.Debug|Any CPU.Build.0 = Debug|Any CPU
		{8BEECB1E-A5BB-4FAA-AE00-87CB55F53C05}.Release|Any CPU.ActiveCfg = Release|Any CPU
		{8BEECB1E-A5BB-4FAA-AE00-87CB55F53C05}.Release|Any CPU.Build.0 = Release|Any CPU
		{F16893D3-D978-4211-8B19-48735C141729}.Debug|Any CPU.ActiveCfg = Debug|Any CPU
		{F16893D3-D978-4211-8B19-48735C141729}.Debug|Any CPU.Build.0 = Debug|Any CPU
		{F16893D3-D978-4211-8B19-48735C141729}.Release|Any CPU.ActiveCfg = Release|Any CPU
		{F16893D3-D978-4211-8B19-48735C141729}.Release|Any CPU.Build.0 = Release|Any CPU
	EndGlobalSection
	GlobalSection(SolutionProperties) = preSolution
		HideSolutionNode = FALSE
	EndGlobalSection
	GlobalSection(ExtensibilityGlobals) = postSolution
		SolutionGuid = {68E75349-1832-490A-9B96-424D62691C8B}
	EndGlobalSection
EndGlobal
